
Microsoft Visual Studio Solution File, Format Version 12.00
# Visual Studio 15
VisualStudioVersion = 15.0.27703.2042
MinimumVisualStudioVersion = 10.0.40219.1
Project("{8BC9CEB8-8B4A-11D0-8D11-00A0C91BC942}") = "11547_Automatic_Answer", "11547_Automatic_Answer\11547_Automatic_Answer.vcxproj", "{83E6BB16-5AA5-4794-8152-149D2E49D28C}"
EndProject
Global
	GlobalSection(SolutionConfigurationPlatforms) = preSolution
		Debug|x64 = Debug|x64
		Debug|x86 = Debug|x86
		Release|x64 = Release|x64
		Release|x86 = Release|x86
	EndGlobalSection
	GlobalSection(ProjectConfigurationPlatforms) = postSolution
		{83E6BB16-5AA5-4794-8152-149D2E49D28C}.Debug|x64.ActiveCfg = Debug|x64
		{83E6BB16-5AA5-4794-8152-149D2E49D28C}.Debug|x64.Build.0 = Debug|x64
		{83E6BB16-5AA5-4794-8152-149D2E49D28C}.Debug|x86.ActiveCfg = Debug|Win32
		{83E6BB16-5AA5-4794-8152-149D2E49D28C}.Debug|x86.Build.0 = Debug|Win32
		{83E6BB16-5AA5-4794-8152-149D2E49D28C}.Release|x64.ActiveCfg = Release|x64
		{83E6BB16-5AA5-4794-8152-149D2E49D28C}.Release|x64.Build.0 = Release|x64
		{83E6BB16-5AA5-4794-8152-149D2E49D28C}.Release|x86.ActiveCfg = Release|Win32
		{83E6BB16-5AA5-4794-8152-149D2E49D28C}.Release|x86.Build.0 = Release|Win32
	EndGlobalSection
	GlobalSection(SolutionProperties) = preSolution
		HideSolutionNode = FALSE
	EndGlobalSection
	GlobalSection(ExtensibilityGlobals) = postSolution
		SolutionGuid = {2E4F090D-D30E-48AD-ACC9-2C73E269FD88}
	EndGlobalSection
EndGlobal
