
Microsoft Visual Studio Solution File, Format Version 12.00
# Visual Studio 15
VisualStudioVersion = 15.0.27703.2042
MinimumVisualStudioVersion = 10.0.40219.1
Project("{8BC9CEB8-8B4A-11D0-8D11-00A0C91BC942}") = "10300_Ecological_Premium", "10300_Ecological_Premium\10300_Ecological_Premium.vcxproj", "{6BACF3CC-9E75-4BDF-8238-CE015616CDBB}"
EndProject
Global
	GlobalSection(SolutionConfigurationPlatforms) = preSolution
		Debug|x64 = Debug|x64
		Debug|x86 = Debug|x86
		Release|x64 = Release|x64
		Release|x86 = Release|x86
	EndGlobalSection
	GlobalSection(ProjectConfigurationPlatforms) = postSolution
		{6BACF3CC-9E75-4BDF-8238-CE015616CDBB}.Debug|x64.ActiveCfg = Debug|x64
		{6BACF3CC-9E75-4BDF-8238-CE015616CDBB}.Debug|x64.Build.0 = Debug|x64
		{6BACF3CC-9E75-4BDF-8238-CE015616CDBB}.Debug|x86.ActiveCfg = Debug|Win32
		{6BACF3CC-9E75-4BDF-8238-CE015616CDBB}.Debug|x86.Build.0 = Debug|Win32
		{6BACF3CC-9E75-4BDF-8238-CE015616CDBB}.Release|x64.ActiveCfg = Release|x64
		{6BACF3CC-9E75-4BDF-8238-CE015616CDBB}.Release|x64.Build.0 = Release|x64
		{6BACF3CC-9E75-4BDF-8238-CE015616CDBB}.Release|x86.ActiveCfg = Release|Win32
		{6BACF3CC-9E75-4BDF-8238-CE015616CDBB}.Release|x86.Build.0 = Release|Win32
	EndGlobalSection
	GlobalSection(SolutionProperties) = preSolution
		HideSolutionNode = FALSE
	EndGlobalSection
	GlobalSection(ExtensibilityGlobals) = postSolution
		SolutionGuid = {35735C8C-76FF-481A-BADB-5DEFFD675355}
	EndGlobalSection
EndGlobal
