
Microsoft Visual Studio Solution File, Format Version 12.00
# Visual Studio 15
VisualStudioVersion = 15.0.27703.2042
MinimumVisualStudioVersion = 10.0.40219.1
Project("{8BC9CEB8-8B4A-11D0-8D11-00A0C91BC942}") = "01124_Celebrity_Jeopardy", "01124_Celebrity_Jeopardy\01124_Celebrity_Jeopardy.vcxproj", "{68E4616A-4745-4B97-AA93-C9834E1FB0E5}"
EndProject
Global
	GlobalSection(SolutionConfigurationPlatforms) = preSolution
		Debug|x64 = Debug|x64
		Debug|x86 = Debug|x86
		Release|x64 = Release|x64
		Release|x86 = Release|x86
	EndGlobalSection
	GlobalSection(ProjectConfigurationPlatforms) = postSolution
		{68E4616A-4745-4B97-AA93-C9834E1FB0E5}.Debug|x64.ActiveCfg = Debug|x64
		{68E4616A-4745-4B97-AA93-C9834E1FB0E5}.Debug|x64.Build.0 = Debug|x64
		{68E4616A-4745-4B97-AA93-C9834E1FB0E5}.Debug|x86.ActiveCfg = Debug|Win32
		{68E4616A-4745-4B97-AA93-C9834E1FB0E5}.Debug|x86.Build.0 = Debug|Win32
		{68E4616A-4745-4B97-AA93-C9834E1FB0E5}.Release|x64.ActiveCfg = Release|x64
		{68E4616A-4745-4B97-AA93-C9834E1FB0E5}.Release|x64.Build.0 = Release|x64
		{68E4616A-4745-4B97-AA93-C9834E1FB0E5}.Release|x86.ActiveCfg = Release|Win32
		{68E4616A-4745-4B97-AA93-C9834E1FB0E5}.Release|x86.Build.0 = Release|Win32
	EndGlobalSection
	GlobalSection(SolutionProperties) = preSolution
		HideSolutionNode = FALSE
	EndGlobalSection
	GlobalSection(ExtensibilityGlobals) = postSolution
		SolutionGuid = {DA14F6CD-A433-4E69-8AA5-393AF427883C}
	EndGlobalSection
EndGlobal
